
Microsoft Visual Studio Solution File, Format Version 12.00
# Visual Studio 14
VisualStudioVersion = 14.0.25420.1
MinimumVisualStudioVersion = 10.0.40219.1
Project("{FAE04EC0-301F-11D3-BF4B-00C04F79EFBC}") = "proyectoUniversidad", "proyectoUniversidad\proyectoUniversidad.csproj", "{19BC9213-DB1A-4458-A60A-EC2CAF0F5434}"
EndProject
Project("{FAE04EC0-301F-11D3-BF4B-00C04F79EFBC}") = "DAL", "DAL\DAL.csproj", "{D1569B22-0634-41B4-9C09-47EE39574290}"
EndProject
Global
	GlobalSection(SolutionConfigurationPlatforms) = preSolution
		Debug|Any CPU = Debug|Any CPU
		Release|Any CPU = Release|Any CPU
	EndGlobalSection
	GlobalSection(ProjectConfigurationPlatforms) = postSolution
		{19BC9213-DB1A-4458-A60A-EC2CAF0F5434}.Debug|Any CPU.ActiveCfg = Debug|Any CPU
		{19BC9213-DB1A-4458-A60A-EC2CAF0F5434}.Debug|Any CPU.Build.0 = Debug|Any CPU
		{19BC9213-DB1A-4458-A60A-EC2CAF0F5434}.Release|Any CPU.ActiveCfg = Release|Any CPU
		{19BC9213-DB1A-4458-A60A-EC2CAF0F5434}.Release|Any CPU.Build.0 = Release|Any CPU
		{D1569B22-0634-41B4-9C09-47EE39574290}.Debug|Any CPU.ActiveCfg = Debug|Any CPU
		{D1569B22-0634-41B4-9C09-47EE39574290}.Debug|Any CPU.Build.0 = Debug|Any CPU
		{D1569B22-0634-41B4-9C09-47EE39574290}.Release|Any CPU.ActiveCfg = Release|Any CPU
		{D1569B22-0634-41B4-9C09-47EE39574290}.Release|Any CPU.Build.0 = Release|Any CPU
	EndGlobalSection
	GlobalSection(SolutionProperties) = preSolution
		HideSolutionNode = FALSE
	EndGlobalSection
EndGlobal
